
Microsoft Visual Studio Solution File, Format Version 12.00
# Visual Studio Version 16
VisualStudioVersion = 16.0.30907.101
MinimumVisualStudioVersion = 10.0.40219.1
Project("{FAE04EC0-301F-11D3-BF4B-00C04F79EFBC}") = "N01432018_Assignment3_MVC", "N01432018_Assignment3_MVC\N01432018_Assignment3_MVC.csproj", "{558E8C54-8898-4918-982E-429EEC18409C}"
EndProject
Global
	GlobalSection(SolutionConfigurationPlatforms) = preSolution
		Debug|Any CPU = Debug|Any CPU
		Release|Any CPU = Release|Any CPU
	EndGlobalSection
	GlobalSection(ProjectConfigurationPlatforms) = postSolution
		{558E8C54-8898-4918-982E-429EEC18409C}.Debug|Any CPU.ActiveCfg = Debug|Any CPU
		{558E8C54-8898-4918-982E-429EEC18409C}.Debug|Any CPU.Build.0 = Debug|Any CPU
		{558E8C54-8898-4918-982E-429EEC18409C}.Release|Any CPU.ActiveCfg = Release|Any CPU
		{558E8C54-8898-4918-982E-429EEC18409C}.Release|Any CPU.Build.0 = Release|Any CPU
	EndGlobalSection
	GlobalSection(SolutionProperties) = preSolution
		HideSolutionNode = FALSE
	EndGlobalSection
	GlobalSection(ExtensibilityGlobals) = postSolution
		SolutionGuid = {81FF2465-AC4B-4374-9081-3F2466325192}
	EndGlobalSection
EndGlobal
